
Microsoft Visual Studio Solution File, Format Version 12.00
# Visual Studio Version 16
VisualStudioVersion = 16.0.32510.428
MinimumVisualStudioVersion = 10.0.40219.1
Project("{FAE04EC0-301F-11D3-BF4B-00C04F79EFBC}") = "WF_BanHang", "WF_BanHang\WF_BanHang.csproj", "{EC2AA370-8034-4FF8-87B2-C94E103F62B8}"
EndProject
Global
	GlobalSection(SolutionConfigurationPlatforms) = preSolution
		Debug|Any CPU = Debug|Any CPU
		Release|Any CPU = Release|Any CPU
	EndGlobalSection
	GlobalSection(ProjectConfigurationPlatforms) = postSolution
		{EC2AA370-8034-4FF8-87B2-C94E103F62B8}.Debug|Any CPU.ActiveCfg = Debug|Any CPU
		{EC2AA370-8034-4FF8-87B2-C94E103F62B8}.Debug|Any CPU.Build.0 = Debug|Any CPU
		{EC2AA370-8034-4FF8-87B2-C94E103F62B8}.Release|Any CPU.ActiveCfg = Release|Any CPU
		{EC2AA370-8034-4FF8-87B2-C94E103F62B8}.Release|Any CPU.Build.0 = Release|Any CPU
	EndGlobalSection
	GlobalSection(SolutionProperties) = preSolution
		HideSolutionNode = FALSE
	EndGlobalSection
	GlobalSection(ExtensibilityGlobals) = postSolution
		SolutionGuid = {76A52CE6-7057-4C5F-B7F1-47D161051068}
	EndGlobalSection
EndGlobal
