
Microsoft Visual Studio Solution File, Format Version 12.00
# Visual Studio Version 16
VisualStudioVersion = 16.0.32510.428
MinimumVisualStudioVersion = 10.0.40219.1
Project("{FAE04EC0-301F-11D3-BF4B-00C04F79EFBC}") = "WF_CuaHangLuuNiemBongDa", "WF_CuaHangLuuNiemBongDa\WF_CuaHangLuuNiemBongDa.csproj", "{E6A37522-AE35-4EBD-B2B7-FD2BA32B239E}"
EndProject
Global
	GlobalSection(SolutionConfigurationPlatforms) = preSolution
		Debug|Any CPU = Debug|Any CPU
		Release|Any CPU = Release|Any CPU
	EndGlobalSection
	GlobalSection(ProjectConfigurationPlatforms) = postSolution
		{E6A37522-AE35-4EBD-B2B7-FD2BA32B239E}.Debug|Any CPU.ActiveCfg = Debug|Any CPU
		{E6A37522-AE35-4EBD-B2B7-FD2BA32B239E}.Debug|Any CPU.Build.0 = Debug|Any CPU
		{E6A37522-AE35-4EBD-B2B7-FD2BA32B239E}.Release|Any CPU.ActiveCfg = Release|Any CPU
		{E6A37522-AE35-4EBD-B2B7-FD2BA32B239E}.Release|Any CPU.Build.0 = Release|Any CPU
	EndGlobalSection
	GlobalSection(SolutionProperties) = preSolution
		HideSolutionNode = FALSE
	EndGlobalSection
	GlobalSection(ExtensibilityGlobals) = postSolution
		SolutionGuid = {1455CE79-59B4-423A-89EA-13299A51E85D}
	EndGlobalSection
EndGlobal
